# This file is generated by running "yarn install" inside your project.
# Manual changes might be lost - proceed with caution!

__metadata:
  version: 4
  cacheKey: 8

"@types/node@npm:^18.11.9":
  version: 18.11.9
  resolution: "@types/node@npm:18.11.9"
  checksum: cc0aae109e9b7adefc32eecb838d6fad931663bb06484b5e9cbbbf74865c721b03d16fd8d74ad90e31dbe093d956a7c2c306ba5429ba0c00f3f7505103d7a496
  languageName: node
  linkType: hard

"ts4.5-yarn-pnp-bug-demo@workspace:.":
  version: 0.0.0-use.local
  resolution: "ts4.5-yarn-pnp-bug-demo@workspace:."
  dependencies:
    "@types/node": ^18.11.9
    typescript: 4.5
  dependenciesMeta:
    "@types/node@18.11.9":
      unplugged: true
  languageName: unknown
  linkType: soft

typescript@4.5:
  version: 4.5.5
  resolution: "typescript@npm:4.5.5"
  bin:
    tsc: bin/tsc
    tsserver: bin/tsserver
  checksum: 506f4c919dc8aeaafa92068c997f1d213b9df4d9756d0fae1a1e7ab66b585ab3498050e236113a1c9e57ee08c21ec6814ca7a7f61378c058d79af50a4b1f5a5e
  languageName: node
  linkType: hard

"typescript@patch:typescript@4.5#~builtin<compat/typescript>":
  version: 4.5.5
  resolution: "typescript@patch:typescript@npm%3A4.5.5#~builtin<compat/typescript>::version=4.5.5&hash=32657b"
  bin:
    tsc: bin/tsc
    tsserver: bin/tsserver
  checksum: ed34e0986bc395da29a9a749fc980741fcbf698c205d6dc282310a652ee4ae61b571c26fd62c8a264ec26ff23ef12d888d5db7b41031cfaad1798db0d090f5c3
  languageName: node
  linkType: hard
