# This file is generated by running "yarn install" inside your project.
# Manual changes might be lost - proceed with caution!

__metadata:
  version: 7
  cacheKey: 9

"@types/node@npm:^18.11.9":
  version: 18.11.9
  resolution: "@types/node@npm:18.11.9"
  checksum: 7b7d90894dd1ae9b6836e49ace5bdea55cc08806a508e38851e333f1ad77ec81ea6dca58e6a2444ad0471fee965b9908cc1ef06028eebca9c20d54729df98bab
  languageName: node
  linkType: hard

"@types/prop-types@npm:*":
  version: 15.7.5
  resolution: "@types/prop-types@npm:15.7.5"
  checksum: a6e04a01e1f632cc3fa5fffd79779f2f83a8fec1293cdf29b5a02aa4e1a1b38a124e824205a40de4e66532a0fa33c4f60337b55cec635080ea2571e55910460f
  languageName: node
  linkType: hard

"@types/react@npm:^18.0.25":
  version: 18.0.25
  resolution: "@types/react@npm:18.0.25"
  dependencies:
    "@types/prop-types": "npm:*"
    "@types/scheduler": "npm:*"
    csstype: "npm:^3.0.2"
  checksum: af960f03dd2ab8cf51789d09c13c440fcc505a6e22101d9c58a4f4ad562cd81122ff345cc9bf8d131d68c185ee1a48411d62e90d3dbaa9623abd0b2564f7b5fe
  languageName: node
  linkType: hard

"@types/scheduler@npm:*":
  version: 0.16.2
  resolution: "@types/scheduler@npm:0.16.2"
  checksum: 223d9b12d1eff3fe857e7eb967d640707c2a76ba1126633bae88dce7693301ea8edcce83586a17134a1822f01265f715809860085547b01db8de6a90f5165706
  languageName: node
  linkType: hard

"csstype@npm:^3.0.2":
  version: 3.1.1
  resolution: "csstype@npm:3.1.1"
  checksum: 39c4533f337cad38b9574a24b4b94bb203f091882295b6b4fb27e9e2b17148b188847f5fb728796af60bd0b80c502d510f89fe7ada3b661eaa6bca758c902036
  languageName: node
  linkType: hard

"js-tokens@npm:^3.0.0 || ^4.0.0":
  version: 4.0.0
  resolution: "js-tokens@npm:4.0.0"
  checksum: 47d1c18dc6b9eed4baf1db3d81b36feb95b463201c82ffce0d7a4d65ede596ba97d6ac2468974199705db9ef8a3433606af41fc7bbe7cb25c1dd601785413d9b
  languageName: node
  linkType: hard

"loose-envify@npm:^1.1.0":
  version: 1.4.0
  resolution: "loose-envify@npm:1.4.0"
  dependencies:
    js-tokens: "npm:^3.0.0 || ^4.0.0"
  bin:
    loose-envify: cli.js
  checksum: 39c5fc44c6a8f7f8a92cccf174554fbb307477ef493760407920fdd4ed5f6cc1aec5b6a5ab3c3767ef79547b3e1aea09d8ca08d773232c662d910cfe473a0590
  languageName: node
  linkType: hard

"react@npm:^18.2.0":
  version: 18.2.0
  resolution: "react@npm:18.2.0"
  dependencies:
    loose-envify: "npm:^1.1.0"
  checksum: 8434e5782c52b3bf18a80b666348977924ee3827895fa03ec3ffb9faca90c460049f14130428dd1546bab6cf3b2c277f2c243d3c2a856501331d2e69c24b2bb9
  languageName: node
  linkType: hard

"ts4.5-yarn-pnp-bug-demo@workspace:.":
  version: 0.0.0-use.local
  resolution: "ts4.5-yarn-pnp-bug-demo@workspace:."
  dependencies:
    "@types/node": "npm:^18.11.9"
    "@types/react": "npm:^18.0.25"
    react: "npm:^18.2.0"
    typescript: "npm:4.9.2-rc"
  languageName: unknown
  linkType: soft

"typescript@npm:4.9.2-rc":
  version: 4.9.2-rc
  resolution: "typescript@npm:4.9.2-rc"
  bin:
    tsc: bin/tsc
    tsserver: bin/tsserver
  checksum: 4b469f029e38f6f41f9ee5506bc8565cf5eeb489bc2ebcb706c19c2977131b199f4520ae636b6902cf674ce8a4bd9209173ff560555e0ef8c501a94c660a6ae6
  languageName: node
  linkType: hard

"typescript@patch:typescript@npm%3A4.9.2-rc#optional!builtin<compat/typescript>":
  version: 4.9.2-rc
  resolution: "typescript@patch:typescript@npm%3A4.9.2-rc#optional!builtin<compat/typescript>::version=4.9.2-rc&hash=d73830"
  bin:
    tsc: bin/tsc
    tsserver: bin/tsserver
  checksum: 8011da62baf5dc3f6b4bdd5e7a3321190308704ede2911405dd4b2af47ba93324d366ac4f0dcfc46a70dd0e60a46f129eeb9fd0d1281bd06fe56b30dccb82434
  languageName: node
  linkType: hard
